
Microsoft Visual Studio Solution File, Format Version 12.00
# Visual Studio 11
Project("{FAE04EC0-301F-11D3-BF4B-00C04F79EFBC}") = "AspNet.Portal.Mobile", "AspNet.Portal.Mobile\AspNet.Portal.Mobile.csproj", "{066A6CCC-E549-4193-A5F1-8290B5CB9E1F}"
EndProject
Project("{2150E333-8FDC-42A3-9474-1A3956D46DE8}") = ".nuget", ".nuget", "{0339AFD1-2FE3-440C-886C-B9732A3B7177}"
	ProjectSection(SolutionItems) = preProject
		.nuget\NuGet.exe = .nuget\NuGet.exe
		.nuget\NuGet.targets = .nuget\NuGet.targets
	EndProjectSection
EndProject
Global
	GlobalSection(SolutionConfigurationPlatforms) = preSolution
		Debug|Any CPU = Debug|Any CPU
		Release|Any CPU = Release|Any CPU
	EndGlobalSection
	GlobalSection(ProjectConfigurationPlatforms) = postSolution
		{066A6CCC-E549-4193-A5F1-8290B5CB9E1F}.Debug|Any CPU.ActiveCfg = Debug|Any CPU
		{066A6CCC-E549-4193-A5F1-8290B5CB9E1F}.Debug|Any CPU.Build.0 = Debug|Any CPU
		{066A6CCC-E549-4193-A5F1-8290B5CB9E1F}.Release|Any CPU.ActiveCfg = Release|Any CPU
		{066A6CCC-E549-4193-A5F1-8290B5CB9E1F}.Release|Any CPU.Build.0 = Release|Any CPU
	EndGlobalSection
	GlobalSection(SolutionProperties) = preSolution
		HideSolutionNode = FALSE
	EndGlobalSection
EndGlobal
